github.com/KarpelesLab/cryptutil v0.2.15 h1:Rd97j5ktX0t7p7xvEEVeg+TeeC8luSpQV2QWUhanLB8=
github.com/KarpelesLab/cryptutil v0.2.15/go.mod h1:2gBM1JlpscOqYSE08hoOug3pFpR2Hh6EV/6aK7ZANqQ=
github.com/KarpelesLab/cryptutil v0.2.24 h1:kD4NvTxqYUWK/AtS3RQ16Sz97WXuy7nIIwCDCG/TCXU=
github.com/KarpelesLab/cryptutil v0.2.24/go.mod h1:2gBM1JlpscOqYSE08hoOug3pFpR2Hh6EV/6aK7ZANqQ=
github.com/ModChain/edwards25519 v1.0.0 h1:Geww/chivFY6E/mZgA4chVf4HWvUgJ1LdRZ0v2d25Eo=
github.com/ModChain/edwards25519 v1.0.0/go.mod h1:kjiZ1iVWnsHVMHeIgWFu26ik6/jPlE+c9MrfO5wbLm4=
github.com/fxamacker/cbor/v2 v2.7.0 h1:iM5WgngdRBanHcxugY4JySA0nk1wZorNOpTgCMedv5E=
github.com/fxamacker/cbor/v2 v2.7.0/go.mod h1:pxXPTn3joSm21Gbwsv0w9OSA2y1HFR9qXEeXQVeNoDQ=
github.com/x448/float16 v0.8.4 h1:qLwI1I70+NjRFUR3zs1JPUCgaCXSh3SW62uAKT1mSBM=
github.com/x448/float16 v0.8.4/go.mod h1:14CWIYCyZA/cWjXOioeEpHeN/83MdbZDRQHoFcYsOfg=
